
Microsoft Visual Studio Solution File, Format Version 12.00
# Visual Studio 15
VisualStudioVersion = 15.0.28307.329
MinimumVisualStudioVersion = 10.0.40219.1
Project("{FAE04EC0-301F-11D3-BF4B-00C04F79EFBC}") = "BDUniversidad", "Login\BDUniversidad.csproj", "{03D91A44-11E3-4466-AC93-A81E5697A52C}"
EndProject
Global
	GlobalSection(SolutionConfigurationPlatforms) = preSolution
		Debug|Any CPU = Debug|Any CPU
		Release|Any CPU = Release|Any CPU
	EndGlobalSection
	GlobalSection(ProjectConfigurationPlatforms) = postSolution
		{03D91A44-11E3-4466-AC93-A81E5697A52C}.Debug|Any CPU.ActiveCfg = Debug|Any CPU
		{03D91A44-11E3-4466-AC93-A81E5697A52C}.Debug|Any CPU.Build.0 = Debug|Any CPU
		{03D91A44-11E3-4466-AC93-A81E5697A52C}.Release|Any CPU.ActiveCfg = Release|Any CPU
		{03D91A44-11E3-4466-AC93-A81E5697A52C}.Release|Any CPU.Build.0 = Release|Any CPU
	EndGlobalSection
	GlobalSection(SolutionProperties) = preSolution
		HideSolutionNode = FALSE
	EndGlobalSection
	GlobalSection(ExtensibilityGlobals) = postSolution
		SolutionGuid = {867C5C72-37B1-4788-B39F-FFB88EBD2474}
	EndGlobalSection
EndGlobal
